
Microsoft Visual Studio Solution File, Format Version 12.00
# Visual Studio 15
VisualStudioVersion = 15.0.27703.2042
MinimumVisualStudioVersion = 10.0.40219.1
Project("{8BC9CEB8-8B4A-11D0-8D11-00A0C91BC942}") = "CarGame0", "CarGame0\CarGame0.vcxproj", "{E5AC1BB9-A4CE-435F-A76A-35E1D0F4931A}"
EndProject
Project("{8BC9CEB8-8B4A-11D0-8D11-00A0C91BC942}") = "CarGameGooch", "CarGameGooch\CarGameGooch.vcxproj", "{DAAA4EC2-16FB-4C36-B160-CC8F5602189B}"
EndProject
Project("{8BC9CEB8-8B4A-11D0-8D11-00A0C91BC942}") = "CarGameTexture", "CarGameTexture\CarGameTexture.vcxproj", "{E9142114-63B1-4331-A633-485AF330E5AC}"
EndProject
Project("{8BC9CEB8-8B4A-11D0-8D11-00A0C91BC942}") = "CarGamePShadow", "CarGamePShadow\CarGamePShadow.vcxproj", "{4AFBE9DA-E34E-4E63-864D-55B1FB0C2B79}"
EndProject
Project("{8BC9CEB8-8B4A-11D0-8D11-00A0C91BC942}") = "CarGameLSystem", "CarGameLSystem\CarGameLSystem.vcxproj", "{4443B396-D9D7-4187-8198-9566A12FF72A}"
EndProject
Global
	GlobalSection(SolutionConfigurationPlatforms) = preSolution
		Debug|x64 = Debug|x64
		Debug|x86 = Debug|x86
		Release|x64 = Release|x64
		Release|x86 = Release|x86
	EndGlobalSection
	GlobalSection(ProjectConfigurationPlatforms) = postSolution
		{E5AC1BB9-A4CE-435F-A76A-35E1D0F4931A}.Debug|x64.ActiveCfg = Debug|x64
		{E5AC1BB9-A4CE-435F-A76A-35E1D0F4931A}.Debug|x64.Build.0 = Debug|x64
		{E5AC1BB9-A4CE-435F-A76A-35E1D0F4931A}.Debug|x86.ActiveCfg = Debug|Win32
		{E5AC1BB9-A4CE-435F-A76A-35E1D0F4931A}.Debug|x86.Build.0 = Debug|Win32
		{E5AC1BB9-A4CE-435F-A76A-35E1D0F4931A}.Release|x64.ActiveCfg = Release|x64
		{E5AC1BB9-A4CE-435F-A76A-35E1D0F4931A}.Release|x64.Build.0 = Release|x64
		{E5AC1BB9-A4CE-435F-A76A-35E1D0F4931A}.Release|x86.ActiveCfg = Release|Win32
		{E5AC1BB9-A4CE-435F-A76A-35E1D0F4931A}.Release|x86.Build.0 = Release|Win32
		{DAAA4EC2-16FB-4C36-B160-CC8F5602189B}.Debug|x64.ActiveCfg = Debug|x64
		{DAAA4EC2-16FB-4C36-B160-CC8F5602189B}.Debug|x64.Build.0 = Debug|x64
		{DAAA4EC2-16FB-4C36-B160-CC8F5602189B}.Debug|x86.ActiveCfg = Debug|Win32
		{DAAA4EC2-16FB-4C36-B160-CC8F5602189B}.Debug|x86.Build.0 = Debug|Win32
		{DAAA4EC2-16FB-4C36-B160-CC8F5602189B}.Release|x64.ActiveCfg = Release|x64
		{DAAA4EC2-16FB-4C36-B160-CC8F5602189B}.Release|x64.Build.0 = Release|x64
		{DAAA4EC2-16FB-4C36-B160-CC8F5602189B}.Release|x86.ActiveCfg = Release|Win32
		{DAAA4EC2-16FB-4C36-B160-CC8F5602189B}.Release|x86.Build.0 = Release|Win32
		{E9142114-63B1-4331-A633-485AF330E5AC}.Debug|x64.ActiveCfg = Debug|x64
		{E9142114-63B1-4331-A633-485AF330E5AC}.Debug|x64.Build.0 = Debug|x64
		{E9142114-63B1-4331-A633-485AF330E5AC}.Debug|x86.ActiveCfg = Debug|Win32
		{E9142114-63B1-4331-A633-485AF330E5AC}.Debug|x86.Build.0 = Debug|Win32
		{E9142114-63B1-4331-A633-485AF330E5AC}.Release|x64.ActiveCfg = Release|x64
		{E9142114-63B1-4331-A633-485AF330E5AC}.Release|x64.Build.0 = Release|x64
		{E9142114-63B1-4331-A633-485AF330E5AC}.Release|x86.ActiveCfg = Release|Win32
		{E9142114-63B1-4331-A633-485AF330E5AC}.Release|x86.Build.0 = Release|Win32
		{4AFBE9DA-E34E-4E63-864D-55B1FB0C2B79}.Debug|x64.ActiveCfg = Debug|x64
		{4AFBE9DA-E34E-4E63-864D-55B1FB0C2B79}.Debug|x64.Build.0 = Debug|x64
		{4AFBE9DA-E34E-4E63-864D-55B1FB0C2B79}.Debug|x86.ActiveCfg = Debug|Win32
		{4AFBE9DA-E34E-4E63-864D-55B1FB0C2B79}.Debug|x86.Build.0 = Debug|Win32
		{4AFBE9DA-E34E-4E63-864D-55B1FB0C2B79}.Release|x64.ActiveCfg = Release|x64
		{4AFBE9DA-E34E-4E63-864D-55B1FB0C2B79}.Release|x64.Build.0 = Release|x64
		{4AFBE9DA-E34E-4E63-864D-55B1FB0C2B79}.Release|x86.ActiveCfg = Release|Win32
		{4AFBE9DA-E34E-4E63-864D-55B1FB0C2B79}.Release|x86.Build.0 = Release|Win32
		{4443B396-D9D7-4187-8198-9566A12FF72A}.Debug|x64.ActiveCfg = Debug|x64
		{4443B396-D9D7-4187-8198-9566A12FF72A}.Debug|x64.Build.0 = Debug|x64
		{4443B396-D9D7-4187-8198-9566A12FF72A}.Debug|x86.ActiveCfg = Debug|Win32
		{4443B396-D9D7-4187-8198-9566A12FF72A}.Debug|x86.Build.0 = Debug|Win32
		{4443B396-D9D7-4187-8198-9566A12FF72A}.Release|x64.ActiveCfg = Release|x64
		{4443B396-D9D7-4187-8198-9566A12FF72A}.Release|x64.Build.0 = Release|x64
		{4443B396-D9D7-4187-8198-9566A12FF72A}.Release|x86.ActiveCfg = Release|Win32
		{4443B396-D9D7-4187-8198-9566A12FF72A}.Release|x86.Build.0 = Release|Win32
	EndGlobalSection
	GlobalSection(SolutionProperties) = preSolution
		HideSolutionNode = FALSE
	EndGlobalSection
	GlobalSection(ExtensibilityGlobals) = postSolution
		SolutionGuid = {A3FD1116-D604-4669-B8DC-57864CA5E683}
	EndGlobalSection
EndGlobal
