<?xml version="1.0" encoding="utf-8"?>
<Project ToolsVersion="4.0" xmlns="http://schemas.microsoft.com/developer/msbuild/2003">
  <ItemGroup>
    <Filter Include="Source Files">
      <UniqueIdentifier>{4FC737F1-C7A5-4376-A066-2A32D752A2FF}</UniqueIdentifier>
      <Extensions>cpp;c;cc;cxx;def;odl;idl;hpj;bat;asm;asmx</Extensions>
    </Filter>
    <Filter Include="Header Files">
      <UniqueIdentifier>{93995380-89BD-4b04-88EB-625FBE52EBFB}</UniqueIdentifier>
      <Extensions>h;hh;hpp;hxx;hm;inl;inc;ipp;xsd</Extensions>
    </Filter>
    <Filter Include="Resource Files">
      <UniqueIdentifier>{67DA6AB6-F800-4c08-8B7A-83BB121AAD01}</UniqueIdentifier>
      <Extensions>rc;ico;cur;bmp;dlg;rc2;rct;bin;rgs;gif;jpg;jpeg;jpe;resx;tiff;tif;png;wav;mfcribbon-ms</Extensions>
    </Filter>
    <Filter Include="BaseCodes">
      <UniqueIdentifier>{38a53e5e-3bc4-430c-bcec-345f7100b848}</UniqueIdentifier>
    </Filter>
  </ItemGroup>
  <ItemGroup>
    <ClCompile Include="..\BaseCodes\InitShader.cpp">
      <Filter>BaseCodes</Filter>
    </ClCompile>
    <ClCompile Include="..\BaseCodes\Mesh.cpp">
      <Filter>BaseCodes</Filter>
    </ClCompile>
    <ClCompile Include="..\BaseCodes\MeshHemisphere.cpp">
      <Filter>BaseCodes</Filter>
    </ClCompile>
    <ClCompile Include="..\BaseCodes\MeshSphere.cpp">
      <Filter>BaseCodes</Filter>
    </ClCompile>
    <ClCompile Include="..\BaseCodes\BasicShapeObjs.cpp">
      <Filter>BaseCodes</Filter>
    </ClCompile>
    <ClCompile Include="..\BaseCodes\Camera.cpp">
      <Filter>BaseCodes</Filter>
    </ClCompile>
    <ClCompile Include="..\BaseCodes\GroundObj2.cpp">
      <Filter>BaseCodes</Filter>
    </ClCompile>
    <ClCompile Include="LSystem.cpp">
      <Filter>Source Files</Filter>
    </ClCompile>
    <ClCompile Include="main_CarGameLSystem.cpp">
      <Filter>Source Files</Filter>
    </ClCompile>
    <ClCompile Include="TreeModelL.cpp">
      <Filter>Source Files</Filter>
    </ClCompile>
    <ClCompile Include="CarGameLSystemApp.cpp">
      <Filter>Source Files</Filter>
    </ClCompile>
    <ClCompile Include="CarModel.cpp">
      <Filter>Source Files</Filter>
    </ClCompile>
  </ItemGroup>
  <ItemGroup>
    <ClInclude Include="..\BaseCodes\BasicShapeObjs.h">
      <Filter>BaseCodes</Filter>
    </ClInclude>
    <ClInclude Include="..\BaseCodes\InitShader.h">
      <Filter>BaseCodes</Filter>
    </ClInclude>
    <ClInclude Include="..\BaseCodes\Mesh.h">
      <Filter>BaseCodes</Filter>
    </ClInclude>
    <ClInclude Include="..\BaseCodes\Camera.h">
      <Filter>BaseCodes</Filter>
    </ClInclude>
    <ClInclude Include="..\BaseCodes\GroundObj2.h">
      <Filter>BaseCodes</Filter>
    </ClInclude>
    <ClInclude Include="LSystem.h">
      <Filter>Source Files</Filter>
    </ClInclude>
    <ClInclude Include="TreeModelL.h">
      <Filter>Source Files</Filter>
    </ClInclude>
    <ClInclude Include="CarGameLSystemApp.h">
      <Filter>Source Files</Filter>
    </ClInclude>
    <ClInclude Include="CarModel.h">
      <Filter>Source Files</Filter>
    </ClInclude>
  </ItemGroup>
  <ItemGroup>
    <None Include="..\Shaders\f_shader.glsl">
      <Filter>Source Files</Filter>
    </None>
    <None Include="..\Shaders\v_shader.glsl">
      <Filter>Source Files</Filter>
    </None>
  </ItemGroup>
</Project>